
Microsoft Visual Studio Solution File, Format Version 12.00
# Visual Studio Version 17
VisualStudioVersion = 17.14.35906.104 d17.14
MinimumVisualStudioVersion = 10.0.40219.1
Project("{FAE04EC0-301F-11D3-BF4B-00C04F79EFBC}") = "LIBRARY", "LIBRARY\LIBRARY.csproj", "{DCD99042-2006-47F3-A781-7F7905040548}"
EndProject
Global
	GlobalSection(SolutionConfigurationPlatforms) = preSolution
		Debug|Any CPU = Debug|Any CPU
		Release|Any CPU = Release|Any CPU
	EndGlobalSection
	GlobalSection(ProjectConfigurationPlatforms) = postSolution
		{DCD99042-2006-47F3-A781-7F7905040548}.Debug|Any CPU.ActiveCfg = Debug|Any CPU
		{DCD99042-2006-47F3-A781-7F7905040548}.Debug|Any CPU.Build.0 = Debug|Any CPU
		{DCD99042-2006-47F3-A781-7F7905040548}.Release|Any CPU.ActiveCfg = Release|Any CPU
		{DCD99042-2006-47F3-A781-7F7905040548}.Release|Any CPU.Build.0 = Release|Any CPU
	EndGlobalSection
	GlobalSection(SolutionProperties) = preSolution
		HideSolutionNode = FALSE
	EndGlobalSection
	GlobalSection(ExtensibilityGlobals) = postSolution
		SolutionGuid = {098C4C6B-F446-4760-913C-A6C8534D0F71}
	EndGlobalSection
EndGlobal
